github.com/nazimburak/cronkit v0.0.0-20251027075503-68d5a3037dc5 h1:hZh8NcSRTjwkgsMVIlgikX8uf97C2Dz0UoUYvIdjLTw=
github.com/nazimburak/cronkit v0.0.0-20251027075503-68d5a3037dc5/go.mod h1:ZsfuZ7kvUSn5kPaGiVjOkdUmqXbPgw7cFH0X++xhIg8=
github.com/nazimburak/cronkit v0.1.0/go.mod h1:ZsfuZ7kvUSn5kPaGiVjOkdUmqXbPgw7cFH0X++xhIg8=
